package: github.com/rancher/dapper
import:
- package: github.com/Azure/go-ansiterm
  version: d6e3b3328b783f23731bc4d058875b0371ff8109
- package: github.com/docker/docker/pkg/term
  version: 544ec0994f3979314b0c3a892a4e352145d0cc0b
- package: github.com/sirupsen/logrus
  version: v1.0.5
- package: github.com/urfave/cli.v1
  version: v1.20.0
  repo: https://github.com/urfave/cli
- package: golang.org/x/crypto/ssh/terminal
  version: d6449816ce06963d9d136eee5a56fca5b0616e7e
- package: golang.org/x/sys/unix
  version: f6f352972f061230a99fbf49d1eb8073ebdb36cb
- package: golang.org/x/sys/windows
  version: f6f352972f061230a99fbf49d1eb8073ebdb36cb
